// !$*UTF8*$!
{
	archiveVersion = 1;
	classes = {
	};
	objectVersion = 50;
	objects = {

/* Begin PBXBuildFile section */
		23273CF925048A6C0023AA70 /* Heap.m in Sources */ = {isa = PBXBuildFile; fileRef = 23273CF825048A6C0023AA70 /* Heap.m */; };
		2382216224FB519B002EB1DA /* AppDelegate.m in Sources */ = {isa = PBXBuildFile; fileRef = 2382216124FB519B002EB1DA /* AppDelegate.m */; };
		2382216524FB519B002EB1DA /* SceneDelegate.m in Sources */ = {isa = PBXBuildFile; fileRef = 2382216424FB519B002EB1DA /* SceneDelegate.m */; };
		2382216D24FB519D002EB1DA /* Assets.xcassets in Resources */ = {isa = PBXBuildFile; fileRef = 2382216C24FB519D002EB1DA /* Assets.xcassets */; };
		2382217324FB519D002EB1DA /* main.m in Sources */ = {isa = PBXBuildFile; fileRef = 2382217224FB519D002EB1DA /* main.m */; };
		2382217B24FB5650002EB1DA /* CFTool.m in Sources */ = {isa = PBXBuildFile; fileRef = 2382217924FB564F002EB1DA /* CFTool.m */; };
		2382217E24FB57EB002EB1DA /* DetailViewController.m in Sources */ = {isa = PBXBuildFile; fileRef = 2382217C24FB57EB002EB1DA /* DetailViewController.m */; };
		2382218324FB58BC002EB1DA /* PriorityQueueVC.m in Sources */ = {isa = PBXBuildFile; fileRef = 2382218224FB58BC002EB1DA /* PriorityQueueVC.m */; };
		2382218624FB5907002EB1DA /* TopKVc.m in Sources */ = {isa = PBXBuildFile; fileRef = 2382218524FB5907002EB1DA /* TopKVc.m */; };
		2382218924FB5BA4002EB1DA /* MyDimeScale.m in Sources */ = {isa = PBXBuildFile; fileRef = 2382218824FB5BA4002EB1DA /* MyDimeScale.m */; };
		2382218C24FB5D93002EB1DA /* MyLayoutMath.m in Sources */ = {isa = PBXBuildFile; fileRef = 2382218B24FB5D93002EB1DA /* MyLayoutMath.m */; };
		2382219224FB6143002EB1DA /* LaunchScreen.xib in Resources */ = {isa = PBXBuildFile; fileRef = 2382219124FB6143002EB1DA /* LaunchScreen.xib */; };
		2382219524FB6931002EB1DA /* HomeTableVC.m in Sources */ = {isa = PBXBuildFile; fileRef = 2382219424FB6931002EB1DA /* HomeTableVC.m */; };
		238F2EB7252AED4500E128CF /* ZJFloydWarshallVC.m in Sources */ = {isa = PBXBuildFile; fileRef = 238F2EB6252AED4500E128CF /* ZJFloydWarshallVC.m */; };
		238F2EBB252C30EE00E128CF /* ZJGraph.m in Sources */ = {isa = PBXBuildFile; fileRef = 238F2EBA252C30EE00E128CF /* ZJGraph.m */; };
		238F2EBF252C318000E128CF /* ZJVertex.m in Sources */ = {isa = PBXBuildFile; fileRef = 238F2EBE252C318000E128CF /* ZJVertex.m */; };
		238F2EC3252C378500E128CF /* ZJGraphVC.m in Sources */ = {isa = PBXBuildFile; fileRef = 238F2EC2252C378500E128CF /* ZJGraphVC.m */; };
		239B4B6C2507313C00450B73 /* ZJNSNotificationVc.m in Sources */ = {isa = PBXBuildFile; fileRef = 239B4B6B2507313C00450B73 /* ZJNSNotificationVc.m */; };
		23A257842518D24E00718838 /* ZJIosIdentifierVC.m in Sources */ = {isa = PBXBuildFile; fileRef = 23A257832518D24E00718838 /* ZJIosIdentifierVC.m */; };
		23E5BD0A250610CA00950AB2 /* ZJTreeNode.m in Sources */ = {isa = PBXBuildFile; fileRef = 23E5BD09250610CA00950AB2 /* ZJTreeNode.m */; };
		23E5BD0D2506130B00950AB2 /* ZJTreeOperation.m in Sources */ = {isa = PBXBuildFile; fileRef = 23E5BD0C2506130B00950AB2 /* ZJTreeOperation.m */; };
		23E5BD102506305F00950AB2 /* ZJTreeNodeUtil.m in Sources */ = {isa = PBXBuildFile; fileRef = 23E5BD0F2506305F00950AB2 /* ZJTreeNodeUtil.m */; };
		23F5BA0A2519F8CE00464400 /* ZJBaseViewController.m in Sources */ = {isa = PBXBuildFile; fileRef = 23F5BA092519F8CE00464400 /* ZJBaseViewController.m */; };
/* End PBXBuildFile section */

/* Begin PBXFileReference section */
		23273CF725048A6C0023AA70 /* Heap.h */ = {isa = PBXFileReference; lastKnownFileType = sourcecode.c.h; path = Heap.h; sourceTree = "<group>"; };
		23273CF825048A6C0023AA70 /* Heap.m */ = {isa = PBXFileReference; lastKnownFileType = sourcecode.c.objc; path = Heap.m; sourceTree = "<group>"; };
		2382215D24FB519B002EB1DA /* AlgorithmStudy.app */ = {isa = PBXFileReference; explicitFileType = wrapper.application; includeInIndex = 0; path = AlgorithmStudy.app; sourceTree = BUILT_PRODUCTS_DIR; };
		2382216024FB519B002EB1DA /* AppDelegate.h */ = {isa = PBXFileReference; lastKnownFileType = sourcecode.c.h; path = AppDelegate.h; sourceTree = "<group>"; };
		2382216124FB519B002EB1DA /* AppDelegate.m */ = {isa = PBXFileReference; lastKnownFileType = sourcecode.c.objc; path = AppDelegate.m; sourceTree = "<group>"; };
		2382216324FB519B002EB1DA /* SceneDelegate.h */ = {isa = PBXFileReference; lastKnownFileType = sourcecode.c.h; path = SceneDelegate.h; sourceTree = "<group>"; };
		2382216424FB519B002EB1DA /* SceneDelegate.m */ = {isa = PBXFileReference; lastKnownFileType = sourcecode.c.objc; path = SceneDelegate.m; sourceTree = "<group>"; };
		2382216C24FB519D002EB1DA /* Assets.xcassets */ = {isa = PBXFileReference; lastKnownFileType = folder.assetcatalog; path = Assets.xcassets; sourceTree = "<group>"; };
		2382217124FB519D002EB1DA /* Info.plist */ = {isa = PBXFileReference; lastKnownFileType = text.plist.xml; path = Info.plist; sourceTree = "<group>"; };
		2382217224FB519D002EB1DA /* main.m */ = {isa = PBXFileReference; lastKnownFileType = sourcecode.c.objc; path = main.m; sourceTree = "<group>"; };
		2382217924FB564F002EB1DA /* CFTool.m */ = {isa = PBXFileReference; fileEncoding = 4; lastKnownFileType = sourcecode.c.objc; path = CFTool.m; sourceTree = "<group>"; };
		2382217A24FB564F002EB1DA /* CFTool.h */ = {isa = PBXFileReference; fileEncoding = 4; lastKnownFileType = sourcecode.c.h; path = CFTool.h; sourceTree = "<group>"; };
		2382217C24FB57EB002EB1DA /* DetailViewController.m */ = {isa = PBXFileReference; fileEncoding = 4; lastKnownFileType = sourcecode.c.objc; path = DetailViewController.m; sourceTree = "<group>"; };
		2382217D24FB57EB002EB1DA /* DetailViewController.h */ = {isa = PBXFileReference; fileEncoding = 4; lastKnownFileType = sourcecode.c.h; path = DetailViewController.h; sourceTree = "<group>"; };
		2382218124FB58BC002EB1DA /* PriorityQueueVC.h */ = {isa = PBXFileReference; lastKnownFileType = sourcecode.c.h; path = PriorityQueueVC.h; sourceTree = "<group>"; };
		2382218224FB58BC002EB1DA /* PriorityQueueVC.m */ = {isa = PBXFileReference; lastKnownFileType = sourcecode.c.objc; path = PriorityQueueVC.m; sourceTree = "<group>"; };
		2382218424FB5907002EB1DA /* TopKVc.h */ = {isa = PBXFileReference; lastKnownFileType = sourcecode.c.h; path = TopKVc.h; sourceTree = "<group>"; };
		2382218524FB5907002EB1DA /* TopKVc.m */ = {isa = PBXFileReference; lastKnownFileType = sourcecode.c.objc; path = TopKVc.m; sourceTree = "<group>"; };
		2382218724FB5BA3002EB1DA /* MyDimeScale.h */ = {isa = PBXFileReference; fileEncoding = 4; lastKnownFileType = sourcecode.c.h; path = MyDimeScale.h; sourceTree = "<group>"; };
		2382218824FB5BA4002EB1DA /* MyDimeScale.m */ = {isa = PBXFileReference; fileEncoding = 4; lastKnownFileType = sourcecode.c.objc; path = MyDimeScale.m; sourceTree = "<group>"; };
		2382218A24FB5D93002EB1DA /* MyLayoutMath.h */ = {isa = PBXFileReference; fileEncoding = 4; lastKnownFileType = sourcecode.c.h; path = MyLayoutMath.h; sourceTree = "<group>"; };
		2382218B24FB5D93002EB1DA /* MyLayoutMath.m */ = {isa = PBXFileReference; fileEncoding = 4; lastKnownFileType = sourcecode.c.objc; path = MyLayoutMath.m; sourceTree = "<group>"; };
		2382219124FB6143002EB1DA /* LaunchScreen.xib */ = {isa = PBXFileReference; lastKnownFileType = file.xib; path = LaunchScreen.xib; sourceTree = "<group>"; };
		2382219324FB6931002EB1DA /* HomeTableVC.h */ = {isa = PBXFileReference; lastKnownFileType = sourcecode.c.h; path = HomeTableVC.h; sourceTree = "<group>"; };
		2382219424FB6931002EB1DA /* HomeTableVC.m */ = {isa = PBXFileReference; lastKnownFileType = sourcecode.c.objc; path = HomeTableVC.m; sourceTree = "<group>"; };
		238F2EB5252AED4500E128CF /* ZJFloydWarshallVC.h */ = {isa = PBXFileReference; lastKnownFileType = sourcecode.c.h; path = ZJFloydWarshallVC.h; sourceTree = "<group>"; };
		238F2EB6252AED4500E128CF /* ZJFloydWarshallVC.m */ = {isa = PBXFileReference; lastKnownFileType = sourcecode.c.objc; path = ZJFloydWarshallVC.m; sourceTree = "<group>"; };
		238F2EB9252C30EE00E128CF /* ZJGraph.h */ = {isa = PBXFileReference; lastKnownFileType = sourcecode.c.h; path = ZJGraph.h; sourceTree = "<group>"; };
		238F2EBA252C30EE00E128CF /* ZJGraph.m */ = {isa = PBXFileReference; lastKnownFileType = sourcecode.c.objc; path = ZJGraph.m; sourceTree = "<group>"; };
		238F2EBD252C318000E128CF /* ZJVertex.h */ = {isa = PBXFileReference; lastKnownFileType = sourcecode.c.h; path = ZJVertex.h; sourceTree = "<group>"; };
		238F2EBE252C318000E128CF /* ZJVertex.m */ = {isa = PBXFileReference; lastKnownFileType = sourcecode.c.objc; path = ZJVertex.m; sourceTree = "<group>"; };
		238F2EC1252C378500E128CF /* ZJGraphVC.h */ = {isa = PBXFileReference; lastKnownFileType = sourcecode.c.h; path = ZJGraphVC.h; sourceTree = "<group>"; };
		238F2EC2252C378500E128CF /* ZJGraphVC.m */ = {isa = PBXFileReference; lastKnownFileType = sourcecode.c.objc; path = ZJGraphVC.m; sourceTree = "<group>"; };
		239B4B6A2507313C00450B73 /* ZJNSNotificationVc.h */ = {isa = PBXFileReference; lastKnownFileType = sourcecode.c.h; path = ZJNSNotificationVc.h; sourceTree = "<group>"; };
		239B4B6B2507313C00450B73 /* ZJNSNotificationVc.m */ = {isa = PBXFileReference; lastKnownFileType = sourcecode.c.objc; path = ZJNSNotificationVc.m; sourceTree = "<group>"; };
		23A257822518D24E00718838 /* ZJIosIdentifierVC.h */ = {isa = PBXFileReference; lastKnownFileType = sourcecode.c.h; path = ZJIosIdentifierVC.h; sourceTree = "<group>"; };
		23A257832518D24E00718838 /* ZJIosIdentifierVC.m */ = {isa = PBXFileReference; lastKnownFileType = sourcecode.c.objc; path = ZJIosIdentifierVC.m; sourceTree = "<group>"; };
		23E5BD08250610CA00950AB2 /* ZJTreeNode.h */ = {isa = PBXFileReference; lastKnownFileType = sourcecode.c.h; path = ZJTreeNode.h; sourceTree = "<group>"; };
		23E5BD09250610CA00950AB2 /* ZJTreeNode.m */ = {isa = PBXFileReference; lastKnownFileType = sourcecode.c.objc; path = ZJTreeNode.m; sourceTree = "<group>"; };
		23E5BD0B2506130B00950AB2 /* ZJTreeOperation.h */ = {isa = PBXFileReference; lastKnownFileType = sourcecode.c.h; path = ZJTreeOperation.h; sourceTree = "<group>"; };
		23E5BD0C2506130B00950AB2 /* ZJTreeOperation.m */ = {isa = PBXFileReference; lastKnownFileType = sourcecode.c.objc; path = ZJTreeOperation.m; sourceTree = "<group>"; };
		23E5BD0E2506305F00950AB2 /* ZJTreeNodeUtil.h */ = {isa = PBXFileReference; lastKnownFileType = sourcecode.c.h; path = ZJTreeNodeUtil.h; sourceTree = "<group>"; };
		23E5BD0F2506305F00950AB2 /* ZJTreeNodeUtil.m */ = {isa = PBXFileReference; lastKnownFileType = sourcecode.c.objc; path = ZJTreeNodeUtil.m; sourceTree = "<group>"; };
		23F5BA072519F87900464400 /* ZJBaseDefine.h */ = {isa = PBXFileReference; lastKnownFileType = sourcecode.c.h; path = ZJBaseDefine.h; sourceTree = "<group>"; };
		23F5BA082519F8CE00464400 /* ZJBaseViewController.h */ = {isa = PBXFileReference; lastKnownFileType = sourcecode.c.h; path = ZJBaseViewController.h; sourceTree = "<group>"; };
		23F5BA092519F8CE00464400 /* ZJBaseViewController.m */ = {isa = PBXFileReference; lastKnownFileType = sourcecode.c.objc; path = ZJBaseViewController.m; sourceTree = "<group>"; };
/* End PBXFileReference section */

/* Begin PBXFrameworksBuildPhase section */
		2382215A24FB519B002EB1DA /* Frameworks */ = {
			isa = PBXFrameworksBuildPhase;
			buildActionMask = 2147483647;
			files = (
			);
			runOnlyForDeploymentPostprocessing = 0;
		};
/* End PBXFrameworksBuildPhase section */

/* Begin PBXGroup section */
		2382215424FB519A002EB1DA = {
			isa = PBXGroup;
			children = (
				2382215F24FB519B002EB1DA /* AlgorithmStudy */,
				2382215E24FB519B002EB1DA /* Products */,
			);
			sourceTree = "<group>";
		};
		2382215E24FB519B002EB1DA /* Products */ = {
			isa = PBXGroup;
			children = (
				2382215D24FB519B002EB1DA /* AlgorithmStudy.app */,
			);
			name = Products;
			sourceTree = "<group>";
		};
		2382215F24FB519B002EB1DA /* AlgorithmStudy */ = {
			isa = PBXGroup;
			children = (
				23F5BA062519F84500464400 /* Base */,
				2382217F24FB5841002EB1DA /* UIViewContollers */,
				2382216024FB519B002EB1DA /* AppDelegate.h */,
				2382216124FB519B002EB1DA /* AppDelegate.m */,
				2382219324FB6931002EB1DA /* HomeTableVC.h */,
				2382219424FB6931002EB1DA /* HomeTableVC.m */,
				2382218A24FB5D93002EB1DA /* MyLayoutMath.h */,
				2382218B24FB5D93002EB1DA /* MyLayoutMath.m */,
				2382218724FB5BA3002EB1DA /* MyDimeScale.h */,
				2382218824FB5BA4002EB1DA /* MyDimeScale.m */,
				2382216324FB519B002EB1DA /* SceneDelegate.h */,
				2382216424FB519B002EB1DA /* SceneDelegate.m */,
				2382217D24FB57EB002EB1DA /* DetailViewController.h */,
				2382217C24FB57EB002EB1DA /* DetailViewController.m */,
				2382217A24FB564F002EB1DA /* CFTool.h */,
				2382217924FB564F002EB1DA /* CFTool.m */,
				2382216C24FB519D002EB1DA /* Assets.xcassets */,
				2382219124FB6143002EB1DA /* LaunchScreen.xib */,
				2382217124FB519D002EB1DA /* Info.plist */,
				2382217224FB519D002EB1DA /* main.m */,
			);
			path = AlgorithmStudy;
			sourceTree = "<group>";
		};
		2382217F24FB5841002EB1DA /* UIViewContollers */ = {
			isa = PBXGroup;
			children = (
				23A257812518D1B500718838 /* Work */,
				238F2EB3252ACE5900E128CF /* Graph */,
				239B4B692507308300450B73 /* FAQ */,
				23E5BD112506355E00950AB2 /* Tree */,
				2382218024FB5854002EB1DA /* Heap */,
			);
			path = UIViewContollers;
			sourceTree = "<group>";
		};
		2382218024FB5854002EB1DA /* Heap */ = {
			isa = PBXGroup;
			children = (
				2382218124FB58BC002EB1DA /* PriorityQueueVC.h */,
				2382218224FB58BC002EB1DA /* PriorityQueueVC.m */,
				23273CF725048A6C0023AA70 /* Heap.h */,
				23273CF825048A6C0023AA70 /* Heap.m */,
				2382218424FB5907002EB1DA /* TopKVc.h */,
				2382218524FB5907002EB1DA /* TopKVc.m */,
			);
			path = Heap;
			sourceTree = "<group>";
		};
		238F2EB3252ACE5900E128CF /* Graph */ = {
			isa = PBXGroup;
			children = (
				238F2EC6252C37DA00E128CF /* model */,
				238F2EC5252C37CD00E128CF /* VC */,
			);
			path = Graph;
			sourceTree = "<group>";
		};
		238F2EC5252C37CD00E128CF /* VC */ = {
			isa = PBXGroup;
			children = (
				238F2EB5252AED4500E128CF /* ZJFloydWarshallVC.h */,
				238F2EB6252AED4500E128CF /* ZJFloydWarshallVC.m */,
				238F2EC1252C378500E128CF /* ZJGraphVC.h */,
				238F2EC2252C378500E128CF /* ZJGraphVC.m */,
			);
			path = VC;
			sourceTree = "<group>";
		};
		238F2EC6252C37DA00E128CF /* model */ = {
			isa = PBXGroup;
			children = (
				238F2EB9252C30EE00E128CF /* ZJGraph.h */,
				238F2EBA252C30EE00E128CF /* ZJGraph.m */,
				238F2EBD252C318000E128CF /* ZJVertex.h */,
				238F2EBE252C318000E128CF /* ZJVertex.m */,
			);
			path = model;
			sourceTree = "<group>";
		};
		239B4B692507308300450B73 /* FAQ */ = {
			isa = PBXGroup;
			children = (
				239B4B6A2507313C00450B73 /* ZJNSNotificationVc.h */,
				239B4B6B2507313C00450B73 /* ZJNSNotificationVc.m */,
			);
			path = FAQ;
			sourceTree = "<group>";
		};
		23A257812518D1B500718838 /* Work */ = {
			isa = PBXGroup;
			children = (
				23A257822518D24E00718838 /* ZJIosIdentifierVC.h */,
				23A257832518D24E00718838 /* ZJIosIdentifierVC.m */,
			);
			path = Work;
			sourceTree = "<group>";
		};
		23E5BD112506355E00950AB2 /* Tree */ = {
			isa = PBXGroup;
			children = (
				23E5BD0B2506130B00950AB2 /* ZJTreeOperation.h */,
				23E5BD0C2506130B00950AB2 /* ZJTreeOperation.m */,
				23E5BD08250610CA00950AB2 /* ZJTreeNode.h */,
				23E5BD09250610CA00950AB2 /* ZJTreeNode.m */,
				23E5BD0E2506305F00950AB2 /* ZJTreeNodeUtil.h */,
				23E5BD0F2506305F00950AB2 /* ZJTreeNodeUtil.m */,
			);
			path = Tree;
			sourceTree = "<group>";
		};
		23F5BA062519F84500464400 /* Base */ = {
			isa = PBXGroup;
			children = (
				23F5BA072519F87900464400 /* ZJBaseDefine.h */,
				23F5BA082519F8CE00464400 /* ZJBaseViewController.h */,
				23F5BA092519F8CE00464400 /* ZJBaseViewController.m */,
			);
			path = Base;
			sourceTree = "<group>";
		};
/* End PBXGroup section */

/* Begin PBXNativeTarget section */
		2382215C24FB519B002EB1DA /* AlgorithmStudy */ = {
			isa = PBXNativeTarget;
			buildConfigurationList = 2382217624FB519D002EB1DA /* Build configuration list for PBXNativeTarget "AlgorithmStudy" */;
			buildPhases = (
				2382215924FB519B002EB1DA /* Sources */,
				2382215A24FB519B002EB1DA /* Frameworks */,
				2382215B24FB519B002EB1DA /* Resources */,
			);
			buildRules = (
			);
			dependencies = (
			);
			name = AlgorithmStudy;
			productName = AlgorithmStudy;
			productReference = 2382215D24FB519B002EB1DA /* AlgorithmStudy.app */;
			productType = "com.apple.product-type.application";
		};
/* End PBXNativeTarget section */

/* Begin PBXProject section */
		2382215524FB519A002EB1DA /* Project object */ = {
			isa = PBXProject;
			attributes = {
				LastUpgradeCheck = 1140;
				ORGANIZATIONNAME = jianz3.com;
				TargetAttributes = {
					2382215C24FB519B002EB1DA = {
						CreatedOnToolsVersion = 11.4;
					};
				};
			};
			buildConfigurationList = 2382215824FB519A002EB1DA /* Build configuration list for PBXProject "AlgorithmStudy" */;
			compatibilityVersion = "Xcode 9.3";
			developmentRegion = en;
			hasScannedForEncodings = 0;
			knownRegions = (
				en,
				Base,
			);
			mainGroup = 2382215424FB519A002EB1DA;
			productRefGroup = 2382215E24FB519B002EB1DA /* Products */;
			projectDirPath = "";
			projectRoot = "";
			targets = (
				2382215C24FB519B002EB1DA /* AlgorithmStudy */,
			);
		};
/* End PBXProject section */

/* Begin PBXResourcesBuildPhase section */
		2382215B24FB519B002EB1DA /* Resources */ = {
			isa = PBXResourcesBuildPhase;
			buildActionMask = 2147483647;
			files = (
				2382219224FB6143002EB1DA /* LaunchScreen.xib in Resources */,
				2382216D24FB519D002EB1DA /* Assets.xcassets in Resources */,
			);
			runOnlyForDeploymentPostprocessing = 0;
		};
/* End PBXResourcesBuildPhase section */

/* Begin PBXSourcesBuildPhase section */
		2382215924FB519B002EB1DA /* Sources */ = {
			isa = PBXSourcesBuildPhase;
			buildActionMask = 2147483647;
			files = (
				2382218924FB5BA4002EB1DA /* MyDimeScale.m in Sources */,
				238F2EC3252C378500E128CF /* ZJGraphVC.m in Sources */,
				2382219524FB6931002EB1DA /* HomeTableVC.m in Sources */,
				2382218324FB58BC002EB1DA /* PriorityQueueVC.m in Sources */,
				2382218624FB5907002EB1DA /* TopKVc.m in Sources */,
				2382217B24FB5650002EB1DA /* CFTool.m in Sources */,
				23E5BD0D2506130B00950AB2 /* ZJTreeOperation.m in Sources */,
				23E5BD0A250610CA00950AB2 /* ZJTreeNode.m in Sources */,
				2382216224FB519B002EB1DA /* AppDelegate.m in Sources */,
				2382217324FB519D002EB1DA /* main.m in Sources */,
				23A257842518D24E00718838 /* ZJIosIdentifierVC.m in Sources */,
				23F5BA0A2519F8CE00464400 /* ZJBaseViewController.m in Sources */,
				239B4B6C2507313C00450B73 /* ZJNSNotificationVc.m in Sources */,
				238F2EBB252C30EE00E128CF /* ZJGraph.m in Sources */,
				2382218C24FB5D93002EB1DA /* MyLayoutMath.m in Sources */,
				238F2EB7252AED4500E128CF /* ZJFloydWarshallVC.m in Sources */,
				23273CF925048A6C0023AA70 /* Heap.m in Sources */,
				2382216524FB519B002EB1DA /* SceneDelegate.m in Sources */,
				2382217E24FB57EB002EB1DA /* DetailViewController.m in Sources */,
				23E5BD102506305F00950AB2 /* ZJTreeNodeUtil.m in Sources */,
				238F2EBF252C318000E128CF /* ZJVertex.m in Sources */,
			);
			runOnlyForDeploymentPostprocessing = 0;
		};
/* End PBXSourcesBuildPhase section */

/* Begin XCBuildConfiguration section */
		2382217424FB519D002EB1DA /* Debug */ = {
			isa = XCBuildConfiguration;
			buildSettings = {
				ALWAYS_SEARCH_USER_PATHS = NO;
				CLANG_ANALYZER_NONNULL = YES;
				CLANG_ANALYZER_NUMBER_OBJECT_CONVERSION = YES_AGGRESSIVE;
				CLANG_CXX_LANGUAGE_STANDARD = "gnu++14";
				CLANG_CXX_LIBRARY = "libc++";
				CLANG_ENABLE_MODULES = YES;
				CLANG_ENABLE_OBJC_ARC = YES;
				CLANG_ENABLE_OBJC_WEAK = YES;
				CLANG_WARN_BLOCK_CAPTURE_AUTORELEASING = YES;
				CLANG_WARN_BOOL_CONVERSION = YES;
				CLANG_WARN_COMMA = YES;
				CLANG_WARN_CONSTANT_CONVERSION = YES;
				CLANG_WARN_DEPRECATED_OBJC_IMPLEMENTATIONS = YES;
				CLANG_WARN_DIRECT_OBJC_ISA_USAGE = YES_ERROR;
				CLANG_WARN_DOCUMENTATION_COMMENTS = YES;
				CLANG_WARN_EMPTY_BODY = YES;
				CLANG_WARN_ENUM_CONVERSION = YES;
				CLANG_WARN_INFINITE_RECURSION = YES;
				CLANG_WARN_INT_CONVERSION = YES;
				CLANG_WARN_NON_LITERAL_NULL_CONVERSION = YES;
				CLANG_WARN_OBJC_IMPLICIT_RETAIN_SELF = YES;
				CLANG_WARN_OBJC_LITERAL_CONVERSION = YES;
				CLANG_WARN_OBJC_ROOT_CLASS = YES_ERROR;
				CLANG_WARN_RANGE_LOOP_ANALYSIS = YES;
				CLANG_WARN_STRICT_PROTOTYPES = YES;
				CLANG_WARN_SUSPICIOUS_MOVE = YES;
				CLANG_WARN_UNGUARDED_AVAILABILITY = YES_AGGRESSIVE;
				CLANG_WARN_UNREACHABLE_CODE = YES;
				CLANG_WARN__DUPLICATE_METHOD_MATCH = YES;
				COPY_PHASE_STRIP = NO;
				DEBUG_INFORMATION_FORMAT = dwarf;
				ENABLE_STRICT_OBJC_MSGSEND = YES;
				ENABLE_TESTABILITY = YES;
				GCC_C_LANGUAGE_STANDARD = gnu11;
				GCC_DYNAMIC_NO_PIC = NO;
				GCC_NO_COMMON_BLOCKS = YES;
				GCC_OPTIMIZATION_LEVEL = 0;
				GCC_PREPROCESSOR_DEFINITIONS = (
					"DEBUG=1",
					"$(inherited)",
				);
				GCC_WARN_64_TO_32_BIT_CONVERSION = YES;
				GCC_WARN_ABOUT_RETURN_TYPE = YES_ERROR;
				GCC_WARN_UNDECLARED_SELECTOR = YES;
				GCC_WARN_UNINITIALIZED_AUTOS = YES_AGGRESSIVE;
				GCC_WARN_UNUSED_FUNCTION = YES;
				GCC_WARN_UNUSED_VARIABLE = YES;
				IPHONEOS_DEPLOYMENT_TARGET = 9.0;
				MTL_ENABLE_DEBUG_INFO = INCLUDE_SOURCE;
				MTL_FAST_MATH = YES;
				ONLY_ACTIVE_ARCH = YES;
				SDKROOT = iphoneos;
			};
			name = Debug;
		};
		2382217524FB519D002EB1DA /* Release */ = {
			isa = XCBuildConfiguration;
			buildSettings = {
				ALWAYS_SEARCH_USER_PATHS = NO;
				CLANG_ANALYZER_NONNULL = YES;
				CLANG_ANALYZER_NUMBER_OBJECT_CONVERSION = YES_AGGRESSIVE;
				CLANG_CXX_LANGUAGE_STANDARD = "gnu++14";
				CLANG_CXX_LIBRARY = "libc++";
				CLANG_ENABLE_MODULES = YES;
				CLANG_ENABLE_OBJC_ARC = YES;
				CLANG_ENABLE_OBJC_WEAK = YES;
				CLANG_WARN_BLOCK_CAPTURE_AUTORELEASING = YES;
				CLANG_WARN_BOOL_CONVERSION = YES;
				CLANG_WARN_COMMA = YES;
				CLANG_WARN_CONSTANT_CONVERSION = YES;
				CLANG_WARN_DEPRECATED_OBJC_IMPLEMENTATIONS = YES;
				CLANG_WARN_DIRECT_OBJC_ISA_USAGE = YES_ERROR;
				CLANG_WARN_DOCUMENTATION_COMMENTS = YES;
				CLANG_WARN_EMPTY_BODY = YES;
				CLANG_WARN_ENUM_CONVERSION = YES;
				CLANG_WARN_INFINITE_RECURSION = YES;
				CLANG_WARN_INT_CONVERSION = YES;
				CLANG_WARN_NON_LITERAL_NULL_CONVERSION = YES;
				CLANG_WARN_OBJC_IMPLICIT_RETAIN_SELF = YES;
				CLANG_WARN_OBJC_LITERAL_CONVERSION = YES;
				CLANG_WARN_OBJC_ROOT_CLASS = YES_ERROR;
				CLANG_WARN_RANGE_LOOP_ANALYSIS = YES;
				CLANG_WARN_STRICT_PROTOTYPES = YES;
				CLANG_WARN_SUSPICIOUS_MOVE = YES;
				CLANG_WARN_UNGUARDED_AVAILABILITY = YES_AGGRESSIVE;
				CLANG_WARN_UNREACHABLE_CODE = YES;
				CLANG_WARN__DUPLICATE_METHOD_MATCH = YES;
				COPY_PHASE_STRIP = NO;
				DEBUG_INFORMATION_FORMAT = "dwarf-with-dsym";
				ENABLE_NS_ASSERTIONS = NO;
				ENABLE_STRICT_OBJC_MSGSEND = YES;
				GCC_C_LANGUAGE_STANDARD = gnu11;
				GCC_NO_COMMON_BLOCKS = YES;
				GCC_WARN_64_TO_32_BIT_CONVERSION = YES;
				GCC_WARN_ABOUT_RETURN_TYPE = YES_ERROR;
				GCC_WARN_UNDECLARED_SELECTOR = YES;
				GCC_WARN_UNINITIALIZED_AUTOS = YES_AGGRESSIVE;
				GCC_WARN_UNUSED_FUNCTION = YES;
				GCC_WARN_UNUSED_VARIABLE = YES;
				IPHONEOS_DEPLOYMENT_TARGET = 9.0;
				MTL_ENABLE_DEBUG_INFO = NO;
				MTL_FAST_MATH = YES;
				SDKROOT = iphoneos;
				VALIDATE_PRODUCT = YES;
			};
			name = Release;
		};
		2382217724FB519D002EB1DA /* Debug */ = {
			isa = XCBuildConfiguration;
			buildSettings = {
				ASSETCATALOG_COMPILER_APPICON_NAME = AppIcon;
				CODE_SIGN_STYLE = Automatic;
				DEVELOPMENT_TEAM = Q89EZ3369J;
				INFOPLIST_FILE = AlgorithmStudy/Info.plist;
				LD_RUNPATH_SEARCH_PATHS = (
					"$(inherited)",
					"@executable_path/Frameworks",
				);
				PRODUCT_BUNDLE_IDENTIFIER = jianz3.com.AlgorithmStudy;
				PRODUCT_NAME = "$(TARGET_NAME)";
				TARGETED_DEVICE_FAMILY = "1,2";
			};
			name = Debug;
		};
		2382217824FB519D002EB1DA /* Release */ = {
			isa = XCBuildConfiguration;
			buildSettings = {
				ASSETCATALOG_COMPILER_APPICON_NAME = AppIcon;
				CODE_SIGN_STYLE = Automatic;
				DEVELOPMENT_TEAM = Q89EZ3369J;
				INFOPLIST_FILE = AlgorithmStudy/Info.plist;
				LD_RUNPATH_SEARCH_PATHS = (
					"$(inherited)",
					"@executable_path/Frameworks",
				);
				PRODUCT_BUNDLE_IDENTIFIER = jianz3.com.AlgorithmStudy;
				PRODUCT_NAME = "$(TARGET_NAME)";
				TARGETED_DEVICE_FAMILY = "1,2";
			};
			name = Release;
		};
/* End XCBuildConfiguration section */

/* Begin XCConfigurationList section */
		2382215824FB519A002EB1DA /* Build configuration list for PBXProject "AlgorithmStudy" */ = {
			isa = XCConfigurationList;
			buildConfigurations = (
				2382217424FB519D002EB1DA /* Debug */,
				2382217524FB519D002EB1DA /* Release */,
			);
			defaultConfigurationIsVisible = 0;
			defaultConfigurationName = Release;
		};
		2382217624FB519D002EB1DA /* Build configuration list for PBXNativeTarget "AlgorithmStudy" */ = {
			isa = XCConfigurationList;
			buildConfigurations = (
				2382217724FB519D002EB1DA /* Debug */,
				2382217824FB519D002EB1DA /* Release */,
			);
			defaultConfigurationIsVisible = 0;
			defaultConfigurationName = Release;
		};
/* End XCConfigurationList section */
	};
	rootObject = 2382215524FB519A002EB1DA /* Project object */;
}
