// !$*UTF8*$!
{
	archiveVersion = 1;
	classes = {
	};
	objectVersion = 50;
	objects = {

/* Begin PBXBuildFile section */
		2382216224FB519B002EB1DA /* AppDelegate.m in Sources */ = {isa = PBXBuildFile; fileRef = 2382216124FB519B002EB1DA /* AppDelegate.m */; };
		2382216524FB519B002EB1DA /* SceneDelegate.m in Sources */ = {isa = PBXBuildFile; fileRef = 2382216424FB519B002EB1DA /* SceneDelegate.m */; };
		2382216824FB519B002EB1DA /* ViewController.m in Sources */ = {isa = PBXBuildFile; fileRef = 2382216724FB519B002EB1DA /* ViewController.m */; };
		2382216B24FB519B002EB1DA /* Main.storyboard in Resources */ = {isa = PBXBuildFile; fileRef = 2382216924FB519B002EB1DA /* Main.storyboard */; };
		2382216D24FB519D002EB1DA /* Assets.xcassets in Resources */ = {isa = PBXBuildFile; fileRef = 2382216C24FB519D002EB1DA /* Assets.xcassets */; };
		2382217024FB519D002EB1DA /* LaunchScreen.storyboard in Resources */ = {isa = PBXBuildFile; fileRef = 2382216E24FB519D002EB1DA /* LaunchScreen.storyboard */; };
		2382217324FB519D002EB1DA /* main.m in Sources */ = {isa = PBXBuildFile; fileRef = 2382217224FB519D002EB1DA /* main.m */; };
/* End PBXBuildFile section */

/* Begin PBXFileReference section */
		2382215D24FB519B002EB1DA /* AlgorithmStudy.app */ = {isa = PBXFileReference; explicitFileType = wrapper.application; includeInIndex = 0; path = AlgorithmStudy.app; sourceTree = BUILT_PRODUCTS_DIR; };
		2382216024FB519B002EB1DA /* AppDelegate.h */ = {isa = PBXFileReference; lastKnownFileType = sourcecode.c.h; path = AppDelegate.h; sourceTree = "<group>"; };
		2382216124FB519B002EB1DA /* AppDelegate.m */ = {isa = PBXFileReference; lastKnownFileType = sourcecode.c.objc; path = AppDelegate.m; sourceTree = "<group>"; };
		2382216324FB519B002EB1DA /* SceneDelegate.h */ = {isa = PBXFileReference; lastKnownFileType = sourcecode.c.h; path = SceneDelegate.h; sourceTree = "<group>"; };
		2382216424FB519B002EB1DA /* SceneDelegate.m */ = {isa = PBXFileReference; lastKnownFileType = sourcecode.c.objc; path = SceneDelegate.m; sourceTree = "<group>"; };
		2382216624FB519B002EB1DA /* ViewController.h */ = {isa = PBXFileReference; lastKnownFileType = sourcecode.c.h; path = ViewController.h; sourceTree = "<group>"; };
		2382216724FB519B002EB1DA /* ViewController.m */ = {isa = PBXFileReference; lastKnownFileType = sourcecode.c.objc; path = ViewController.m; sourceTree = "<group>"; };
		2382216A24FB519B002EB1DA /* Base */ = {isa = PBXFileReference; lastKnownFileType = file.storyboard; name = Base; path = Base.lproj/Main.storyboard; sourceTree = "<group>"; };
		2382216C24FB519D002EB1DA /* Assets.xcassets */ = {isa = PBXFileReference; lastKnownFileType = folder.assetcatalog; path = Assets.xcassets; sourceTree = "<group>"; };
		2382216F24FB519D002EB1DA /* Base */ = {isa = PBXFileReference; lastKnownFileType = file.storyboard; name = Base; path = Base.lproj/LaunchScreen.storyboard; sourceTree = "<group>"; };
		2382217124FB519D002EB1DA /* Info.plist */ = {isa = PBXFileReference; lastKnownFileType = text.plist.xml; path = Info.plist; sourceTree = "<group>"; };
		2382217224FB519D002EB1DA /* main.m */ = {isa = PBXFileReference; lastKnownFileType = sourcecode.c.objc; path = main.m; sourceTree = "<group>"; };
/* End PBXFileReference section */

/* Begin PBXFrameworksBuildPhase section */
		2382215A24FB519B002EB1DA /* Frameworks */ = {
			isa = PBXFrameworksBuildPhase;
			buildActionMask = 2147483647;
			files = (
			);
			runOnlyForDeploymentPostprocessing = 0;
		};
/* End PBXFrameworksBuildPhase section */

/* Begin PBXGroup section */
		2382215424FB519A002EB1DA = {
			isa = PBXGroup;
			children = (
				2382215F24FB519B002EB1DA /* AlgorithmStudy */,
				2382215E24FB519B002EB1DA /* Products */,
			);
			sourceTree = "<group>";
		};
		2382215E24FB519B002EB1DA /* Products */ = {
			isa = PBXGroup;
			children = (
				2382215D24FB519B002EB1DA /* AlgorithmStudy.app */,
			);
			name = Products;
			sourceTree = "<group>";
		};
		2382215F24FB519B002EB1DA /* AlgorithmStudy */ = {
			isa = PBXGroup;
			children = (
				2382216024FB519B002EB1DA /* AppDelegate.h */,
				2382216124FB519B002EB1DA /* AppDelegate.m */,
				2382216324FB519B002EB1DA /* SceneDelegate.h */,
				2382216424FB519B002EB1DA /* SceneDelegate.m */,
				2382216624FB519B002EB1DA /* ViewController.h */,
				2382216724FB519B002EB1DA /* ViewController.m */,
				2382216924FB519B002EB1DA /* Main.storyboard */,
				2382216C24FB519D002EB1DA /* Assets.xcassets */,
				2382216E24FB519D002EB1DA /* LaunchScreen.storyboard */,
				2382217124FB519D002EB1DA /* Info.plist */,
				2382217224FB519D002EB1DA /* main.m */,
			);
			path = AlgorithmStudy;
			sourceTree = "<group>";
		};
/* End PBXGroup section */

/* Begin PBXNativeTarget section */
		2382215C24FB519B002EB1DA /* AlgorithmStudy */ = {
			isa = PBXNativeTarget;
			buildConfigurationList = 2382217624FB519D002EB1DA /* Build configuration list for PBXNativeTarget "AlgorithmStudy" */;
			buildPhases = (
				2382215924FB519B002EB1DA /* Sources */,
				2382215A24FB519B002EB1DA /* Frameworks */,
				2382215B24FB519B002EB1DA /* Resources */,
			);
			buildRules = (
			);
			dependencies = (
			);
			name = AlgorithmStudy;
			productName = AlgorithmStudy;
			productReference = 2382215D24FB519B002EB1DA /* AlgorithmStudy.app */;
			productType = "com.apple.product-type.application";
		};
/* End PBXNativeTarget section */

/* Begin PBXProject section */
		2382215524FB519A002EB1DA /* Project object */ = {
			isa = PBXProject;
			attributes = {
				LastUpgradeCheck = 1140;
				ORGANIZATIONNAME = jianz3.com;
				TargetAttributes = {
					2382215C24FB519B002EB1DA = {
						CreatedOnToolsVersion = 11.4;
					};
				};
			};
			buildConfigurationList = 2382215824FB519A002EB1DA /* Build configuration list for PBXProject "AlgorithmStudy" */;
			compatibilityVersion = "Xcode 9.3";
			developmentRegion = en;
			hasScannedForEncodings = 0;
			knownRegions = (
				en,
				Base,
			);
			mainGroup = 2382215424FB519A002EB1DA;
			productRefGroup = 2382215E24FB519B002EB1DA /* Products */;
			projectDirPath = "";
			projectRoot = "";
			targets = (
				2382215C24FB519B002EB1DA /* AlgorithmStudy */,
			);
		};
/* End PBXProject section */

/* Begin PBXResourcesBuildPhase section */
		2382215B24FB519B002EB1DA /* Resources */ = {
			isa = PBXResourcesBuildPhase;
			buildActionMask = 2147483647;
			files = (
				2382217024FB519D002EB1DA /* LaunchScreen.storyboard in Resources */,
				2382216D24FB519D002EB1DA /* Assets.xcassets in Resources */,
				2382216B24FB519B002EB1DA /* Main.storyboard in Resources */,
			);
			runOnlyForDeploymentPostprocessing = 0;
		};
/* End PBXResourcesBuildPhase section */

/* Begin PBXSourcesBuildPhase section */
		2382215924FB519B002EB1DA /* Sources */ = {
			isa = PBXSourcesBuildPhase;
			buildActionMask = 2147483647;
			files = (
				2382216824FB519B002EB1DA /* ViewController.m in Sources */,
				2382216224FB519B002EB1DA /* AppDelegate.m in Sources */,
				2382217324FB519D002EB1DA /* main.m in Sources */,
				2382216524FB519B002EB1DA /* SceneDelegate.m in Sources */,
			);
			runOnlyForDeploymentPostprocessing = 0;
		};
/* End PBXSourcesBuildPhase section */

/* Begin PBXVariantGroup section */
		2382216924FB519B002EB1DA /* Main.storyboard */ = {
			isa = PBXVariantGroup;
			children = (
				2382216A24FB519B002EB1DA /* Base */,
			);
			name = Main.storyboard;
			sourceTree = "<group>";
		};
		2382216E24FB519D002EB1DA /* LaunchScreen.storyboard */ = {
			isa = PBXVariantGroup;
			children = (
				2382216F24FB519D002EB1DA /* Base */,
			);
			name = LaunchScreen.storyboard;
			sourceTree = "<group>";
		};
/* End PBXVariantGroup section */

/* Begin XCBuildConfiguration section */
		2382217424FB519D002EB1DA /* Debug */ = {
			isa = XCBuildConfiguration;
			buildSettings = {
				ALWAYS_SEARCH_USER_PATHS = NO;
				CLANG_ANALYZER_NONNULL = YES;
				CLANG_ANALYZER_NUMBER_OBJECT_CONVERSION = YES_AGGRESSIVE;
				CLANG_CXX_LANGUAGE_STANDARD = "gnu++14";
				CLANG_CXX_LIBRARY = "libc++";
				CLANG_ENABLE_MODULES = YES;
				CLANG_ENABLE_OBJC_ARC = YES;
				CLANG_ENABLE_OBJC_WEAK = YES;
				CLANG_WARN_BLOCK_CAPTURE_AUTORELEASING = YES;
				CLANG_WARN_BOOL_CONVERSION = YES;
				CLANG_WARN_COMMA = YES;
				CLANG_WARN_CONSTANT_CONVERSION = YES;
				CLANG_WARN_DEPRECATED_OBJC_IMPLEMENTATIONS = YES;
				CLANG_WARN_DIRECT_OBJC_ISA_USAGE = YES_ERROR;
				CLANG_WARN_DOCUMENTATION_COMMENTS = YES;
				CLANG_WARN_EMPTY_BODY = YES;
				CLANG_WARN_ENUM_CONVERSION = YES;
				CLANG_WARN_INFINITE_RECURSION = YES;
				CLANG_WARN_INT_CONVERSION = YES;
				CLANG_WARN_NON_LITERAL_NULL_CONVERSION = YES;
				CLANG_WARN_OBJC_IMPLICIT_RETAIN_SELF = YES;
				CLANG_WARN_OBJC_LITERAL_CONVERSION = YES;
				CLANG_WARN_OBJC_ROOT_CLASS = YES_ERROR;
				CLANG_WARN_RANGE_LOOP_ANALYSIS = YES;
				CLANG_WARN_STRICT_PROTOTYPES = YES;
				CLANG_WARN_SUSPICIOUS_MOVE = YES;
				CLANG_WARN_UNGUARDED_AVAILABILITY = YES_AGGRESSIVE;
				CLANG_WARN_UNREACHABLE_CODE = YES;
				CLANG_WARN__DUPLICATE_METHOD_MATCH = YES;
				COPY_PHASE_STRIP = NO;
				DEBUG_INFORMATION_FORMAT = dwarf;
				ENABLE_STRICT_OBJC_MSGSEND = YES;
				ENABLE_TESTABILITY = YES;
				GCC_C_LANGUAGE_STANDARD = gnu11;
				GCC_DYNAMIC_NO_PIC = NO;
				GCC_NO_COMMON_BLOCKS = YES;
				GCC_OPTIMIZATION_LEVEL = 0;
				GCC_PREPROCESSOR_DEFINITIONS = (
					"DEBUG=1",
					"$(inherited)",
				);
				GCC_WARN_64_TO_32_BIT_CONVERSION = YES;
				GCC_WARN_ABOUT_RETURN_TYPE = YES_ERROR;
				GCC_WARN_UNDECLARED_SELECTOR = YES;
				GCC_WARN_UNINITIALIZED_AUTOS = YES_AGGRESSIVE;
				GCC_WARN_UNUSED_FUNCTION = YES;
				GCC_WARN_UNUSED_VARIABLE = YES;
				IPHONEOS_DEPLOYMENT_TARGET = 13.4;
				MTL_ENABLE_DEBUG_INFO = INCLUDE_SOURCE;
				MTL_FAST_MATH = YES;
				ONLY_ACTIVE_ARCH = YES;
				SDKROOT = iphoneos;
			};
			name = Debug;
		};
		2382217524FB519D002EB1DA /* Release */ = {
			isa = XCBuildConfiguration;
			buildSettings = {
				ALWAYS_SEARCH_USER_PATHS = NO;
				CLANG_ANALYZER_NONNULL = YES;
				CLANG_ANALYZER_NUMBER_OBJECT_CONVERSION = YES_AGGRESSIVE;
				CLANG_CXX_LANGUAGE_STANDARD = "gnu++14";
				CLANG_CXX_LIBRARY = "libc++";
				CLANG_ENABLE_MODULES = YES;
				CLANG_ENABLE_OBJC_ARC = YES;
				CLANG_ENABLE_OBJC_WEAK = YES;
				CLANG_WARN_BLOCK_CAPTURE_AUTORELEASING = YES;
				CLANG_WARN_BOOL_CONVERSION = YES;
				CLANG_WARN_COMMA = YES;
				CLANG_WARN_CONSTANT_CONVERSION = YES;
				CLANG_WARN_DEPRECATED_OBJC_IMPLEMENTATIONS = YES;
				CLANG_WARN_DIRECT_OBJC_ISA_USAGE = YES_ERROR;
				CLANG_WARN_DOCUMENTATION_COMMENTS = YES;
				CLANG_WARN_EMPTY_BODY = YES;
				CLANG_WARN_ENUM_CONVERSION = YES;
				CLANG_WARN_INFINITE_RECURSION = YES;
				CLANG_WARN_INT_CONVERSION = YES;
				CLANG_WARN_NON_LITERAL_NULL_CONVERSION = YES;
				CLANG_WARN_OBJC_IMPLICIT_RETAIN_SELF = YES;
				CLANG_WARN_OBJC_LITERAL_CONVERSION = YES;
				CLANG_WARN_OBJC_ROOT_CLASS = YES_ERROR;
				CLANG_WARN_RANGE_LOOP_ANALYSIS = YES;
				CLANG_WARN_STRICT_PROTOTYPES = YES;
				CLANG_WARN_SUSPICIOUS_MOVE = YES;
				CLANG_WARN_UNGUARDED_AVAILABILITY = YES_AGGRESSIVE;
				CLANG_WARN_UNREACHABLE_CODE = YES;
				CLANG_WARN__DUPLICATE_METHOD_MATCH = YES;
				COPY_PHASE_STRIP = NO;
				DEBUG_INFORMATION_FORMAT = "dwarf-with-dsym";
				ENABLE_NS_ASSERTIONS = NO;
				ENABLE_STRICT_OBJC_MSGSEND = YES;
				GCC_C_LANGUAGE_STANDARD = gnu11;
				GCC_NO_COMMON_BLOCKS = YES;
				GCC_WARN_64_TO_32_BIT_CONVERSION = YES;
				GCC_WARN_ABOUT_RETURN_TYPE = YES_ERROR;
				GCC_WARN_UNDECLARED_SELECTOR = YES;
				GCC_WARN_UNINITIALIZED_AUTOS = YES_AGGRESSIVE;
				GCC_WARN_UNUSED_FUNCTION = YES;
				GCC_WARN_UNUSED_VARIABLE = YES;
				IPHONEOS_DEPLOYMENT_TARGET = 13.4;
				MTL_ENABLE_DEBUG_INFO = NO;
				MTL_FAST_MATH = YES;
				SDKROOT = iphoneos;
				VALIDATE_PRODUCT = YES;
			};
			name = Release;
		};
		2382217724FB519D002EB1DA /* Debug */ = {
			isa = XCBuildConfiguration;
			buildSettings = {
				ASSETCATALOG_COMPILER_APPICON_NAME = AppIcon;
				CODE_SIGN_STYLE = Automatic;
				DEVELOPMENT_TEAM = Q89EZ3369J;
				INFOPLIST_FILE = AlgorithmStudy/Info.plist;
				LD_RUNPATH_SEARCH_PATHS = (
					"$(inherited)",
					"@executable_path/Frameworks",
				);
				PRODUCT_BUNDLE_IDENTIFIER = jianz3.com.AlgorithmStudy;
				PRODUCT_NAME = "$(TARGET_NAME)";
				TARGETED_DEVICE_FAMILY = "1,2";
			};
			name = Debug;
		};
		2382217824FB519D002EB1DA /* Release */ = {
			isa = XCBuildConfiguration;
			buildSettings = {
				ASSETCATALOG_COMPILER_APPICON_NAME = AppIcon;
				CODE_SIGN_STYLE = Automatic;
				DEVELOPMENT_TEAM = Q89EZ3369J;
				INFOPLIST_FILE = AlgorithmStudy/Info.plist;
				LD_RUNPATH_SEARCH_PATHS = (
					"$(inherited)",
					"@executable_path/Frameworks",
				);
				PRODUCT_BUNDLE_IDENTIFIER = jianz3.com.AlgorithmStudy;
				PRODUCT_NAME = "$(TARGET_NAME)";
				TARGETED_DEVICE_FAMILY = "1,2";
			};
			name = Release;
		};
/* End XCBuildConfiguration section */

/* Begin XCConfigurationList section */
		2382215824FB519A002EB1DA /* Build configuration list for PBXProject "AlgorithmStudy" */ = {
			isa = XCConfigurationList;
			buildConfigurations = (
				2382217424FB519D002EB1DA /* Debug */,
				2382217524FB519D002EB1DA /* Release */,
			);
			defaultConfigurationIsVisible = 0;
			defaultConfigurationName = Release;
		};
		2382217624FB519D002EB1DA /* Build configuration list for PBXNativeTarget "AlgorithmStudy" */ = {
			isa = XCConfigurationList;
			buildConfigurations = (
				2382217724FB519D002EB1DA /* Debug */,
				2382217824FB519D002EB1DA /* Release */,
			);
			defaultConfigurationIsVisible = 0;
			defaultConfigurationName = Release;
		};
/* End XCConfigurationList section */
	};
	rootObject = 2382215524FB519A002EB1DA /* Project object */;
}
